
Microsoft Visual Studio Solution File, Format Version 12.00
Project("{FAE04EC0-301F-11D3-BF4B-00C04F79EFBC}") = "BuildMagic.Generators", "BuildMagic.Generators\BuildMagic.Generators.csproj", "{10C0857C-63CC-4572-9977-76FDAC392B93}"
EndProject
Project("{FAE04EC0-301F-11D3-BF4B-00C04F79EFBC}") = "BuildMagic.BuiltinTaskGenerator", "BuildMagic.BuiltinTaskGenerator\BuildMagic.BuiltinTaskGenerator.csproj", "{DD2CB1DB-9D89-4F08-89C7-F507511AC038}"
EndProject
Global
	GlobalSection(SolutionConfigurationPlatforms) = preSolution
		Debug|Any CPU = Debug|Any CPU
		Release|Any CPU = Release|Any CPU
	EndGlobalSection
	GlobalSection(ProjectConfigurationPlatforms) = postSolution
		{10C0857C-63CC-4572-9977-76FDAC392B93}.Debug|Any CPU.ActiveCfg = Debug|Any CPU
		{10C0857C-63CC-4572-9977-76FDAC392B93}.Debug|Any CPU.Build.0 = Debug|Any CPU
		{10C0857C-63CC-4572-9977-76FDAC392B93}.Release|Any CPU.ActiveCfg = Release|Any CPU
		{10C0857C-63CC-4572-9977-76FDAC392B93}.Release|Any CPU.Build.0 = Release|Any CPU
		{DD2CB1DB-9D89-4F08-89C7-F507511AC038}.Debug|Any CPU.ActiveCfg = Debug|Any CPU
		{DD2CB1DB-9D89-4F08-89C7-F507511AC038}.Debug|Any CPU.Build.0 = Debug|Any CPU
		{DD2CB1DB-9D89-4F08-89C7-F507511AC038}.Release|Any CPU.ActiveCfg = Release|Any CPU
		{DD2CB1DB-9D89-4F08-89C7-F507511AC038}.Release|Any CPU.Build.0 = Release|Any CPU
	EndGlobalSection
EndGlobal
